github.com/elastic/go-elasticsearch/v6 v6.8.3-0.20190910075047-589da7b96681 h1:/ItijS56k+ODvlxx3Fap+gRolsqQazUcy77zP0NUxGI=
github.com/elastic/go-elasticsearch/v6 v6.8.3-0.20190910075047-589da7b96681/go.mod h1:UwaDJsD3rWLM5rKNFzv9hgox93HoX8utj1kxD9aFUcI=
github.com/streadway/amqp v0.0.0-20190827072141-edfb9018d271 h1:WhxRHzgeVGETMlmVfqhRn8RIeeNoPr2Czh33I4Zdccw=
github.com/streadway/amqp v0.0.0-20190827072141-edfb9018d271/go.mod h1:AZpEONHx3DKn8O/DFsRAY58/XVQiIPMTMB1SddzLXVw=
